# THIS IS AN AUTOGENERATED FILE. DO NOT EDIT THIS FILE DIRECTLY.
# yarn lockfile v1


"@svgdotjs/svg.js@^3.0.16":
  version "3.0.16"
  resolved "https://registry.yarnpkg.com/@svgdotjs/svg.js/-/svg.js-3.0.16.tgz#7044754e45daf62c8e2b115c45ca33ca5b967aff"
  integrity sha512-yZ4jfP/SeLHEnCi9PIrzienKCrA4vW9+jm5uUV3N5DG2e9zgXLY5FgywK2u8/gMFIeKO0HuqTLFFfWJj+MfMLA==
